
Microsoft Visual Studio Solution File, Format Version 12.00
# Visual Studio Version 17
VisualStudioVersion = 17.1.32407.343
MinimumVisualStudioVersion = 10.0.40219.1
Project("{9A19103F-16F7-4668-BE54-9A1E7A4F7556}") = "WebApi", "WebApi\WebApi.csproj", "{7FF569A1-CC2F-4C53-B80C-57B87B59D7D6}"
EndProject
Project("{2150E333-8FDC-42A3-9474-1A3956D46DE8}") = "Api", "Api", "{0D6A0EF3-EF80-424B-AFFE-B09AB12D3A81}"
EndProject
Project("{2150E333-8FDC-42A3-9474-1A3956D46DE8}") = "Core", "Core", "{88D4FE8F-9B30-45B9-AE49-4A5E79D62B20}"
EndProject
Project("{2150E333-8FDC-42A3-9474-1A3956D46DE8}") = "Model", "Model", "{CDE00463-2DD4-41A1-A566-FDC351682D4C}"
EndProject
Project("{2150E333-8FDC-42A3-9474-1A3956D46DE8}") = "Infrastucture", "Infrastucture", "{0E43566B-8A83-4700-8C4C-9391D405F44D}"
EndProject
Project("{9A19103F-16F7-4668-BE54-9A1E7A4F7556}") = "KanbanModule", "KanbanModule\KanbanModule.csproj", "{4D02CFE8-2D82-47C1-AB1F-DDFEDD1EB9BA}"
EndProject
Project("{9A19103F-16F7-4668-BE54-9A1E7A4F7556}") = "MessagesModule", "MessagesModule\MessagesModule.csproj", "{7770C700-D064-4B1F-A199-8A10C12F5A75}"
EndProject
Project("{9A19103F-16F7-4668-BE54-9A1E7A4F7556}") = "CalendarModule", "CalendarModule\CalendarModule.csproj", "{62DC8508-34CA-49E4-A18C-E3249A97E569}"
EndProject
Project("{9A19103F-16F7-4668-BE54-9A1E7A4F7556}") = "Infrastucture.DataAccess", "Infrastucture.DataAccess\Infrastucture.DataAccess.csproj", "{127A5E74-01AE-48A2-8417-9EA6A5314428}"
EndProject
Project("{9A19103F-16F7-4668-BE54-9A1E7A4F7556}") = "DataModel", "DataModel\DataModel.csproj", "{80704BFA-795A-41AB-939C-9FCAEC704BFE}"
EndProject
Global
	GlobalSection(SolutionConfigurationPlatforms) = preSolution
		Debug|Any CPU = Debug|Any CPU
		Release|Any CPU = Release|Any CPU
	EndGlobalSection
	GlobalSection(ProjectConfigurationPlatforms) = postSolution
		{7FF569A1-CC2F-4C53-B80C-57B87B59D7D6}.Debug|Any CPU.ActiveCfg = Debug|Any CPU
		{7FF569A1-CC2F-4C53-B80C-57B87B59D7D6}.Debug|Any CPU.Build.0 = Debug|Any CPU
		{7FF569A1-CC2F-4C53-B80C-57B87B59D7D6}.Release|Any CPU.ActiveCfg = Release|Any CPU
		{7FF569A1-CC2F-4C53-B80C-57B87B59D7D6}.Release|Any CPU.Build.0 = Release|Any CPU
		{4D02CFE8-2D82-47C1-AB1F-DDFEDD1EB9BA}.Debug|Any CPU.ActiveCfg = Debug|Any CPU
		{4D02CFE8-2D82-47C1-AB1F-DDFEDD1EB9BA}.Debug|Any CPU.Build.0 = Debug|Any CPU
		{4D02CFE8-2D82-47C1-AB1F-DDFEDD1EB9BA}.Release|Any CPU.ActiveCfg = Release|Any CPU
		{4D02CFE8-2D82-47C1-AB1F-DDFEDD1EB9BA}.Release|Any CPU.Build.0 = Release|Any CPU
		{7770C700-D064-4B1F-A199-8A10C12F5A75}.Debug|Any CPU.ActiveCfg = Debug|Any CPU
		{7770C700-D064-4B1F-A199-8A10C12F5A75}.Debug|Any CPU.Build.0 = Debug|Any CPU
		{7770C700-D064-4B1F-A199-8A10C12F5A75}.Release|Any CPU.ActiveCfg = Release|Any CPU
		{7770C700-D064-4B1F-A199-8A10C12F5A75}.Release|Any CPU.Build.0 = Release|Any CPU
		{62DC8508-34CA-49E4-A18C-E3249A97E569}.Debug|Any CPU.ActiveCfg = Debug|Any CPU
		{62DC8508-34CA-49E4-A18C-E3249A97E569}.Debug|Any CPU.Build.0 = Debug|Any CPU
		{62DC8508-34CA-49E4-A18C-E3249A97E569}.Release|Any CPU.ActiveCfg = Release|Any CPU
		{62DC8508-34CA-49E4-A18C-E3249A97E569}.Release|Any CPU.Build.0 = Release|Any CPU
		{127A5E74-01AE-48A2-8417-9EA6A5314428}.Debug|Any CPU.ActiveCfg = Debug|Any CPU
		{127A5E74-01AE-48A2-8417-9EA6A5314428}.Debug|Any CPU.Build.0 = Debug|Any CPU
		{127A5E74-01AE-48A2-8417-9EA6A5314428}.Release|Any CPU.ActiveCfg = Release|Any CPU
		{127A5E74-01AE-48A2-8417-9EA6A5314428}.Release|Any CPU.Build.0 = Release|Any CPU
		{80704BFA-795A-41AB-939C-9FCAEC704BFE}.Debug|Any CPU.ActiveCfg = Debug|Any CPU
		{80704BFA-795A-41AB-939C-9FCAEC704BFE}.Debug|Any CPU.Build.0 = Debug|Any CPU
		{80704BFA-795A-41AB-939C-9FCAEC704BFE}.Release|Any CPU.ActiveCfg = Release|Any CPU
		{80704BFA-795A-41AB-939C-9FCAEC704BFE}.Release|Any CPU.Build.0 = Release|Any CPU
	EndGlobalSection
	GlobalSection(SolutionProperties) = preSolution
		HideSolutionNode = FALSE
	EndGlobalSection
	GlobalSection(NestedProjects) = preSolution
		{7FF569A1-CC2F-4C53-B80C-57B87B59D7D6} = {0D6A0EF3-EF80-424B-AFFE-B09AB12D3A81}
		{4D02CFE8-2D82-47C1-AB1F-DDFEDD1EB9BA} = {88D4FE8F-9B30-45B9-AE49-4A5E79D62B20}
		{7770C700-D064-4B1F-A199-8A10C12F5A75} = {88D4FE8F-9B30-45B9-AE49-4A5E79D62B20}
		{62DC8508-34CA-49E4-A18C-E3249A97E569} = {88D4FE8F-9B30-45B9-AE49-4A5E79D62B20}
		{127A5E74-01AE-48A2-8417-9EA6A5314428} = {0E43566B-8A83-4700-8C4C-9391D405F44D}
		{80704BFA-795A-41AB-939C-9FCAEC704BFE} = {CDE00463-2DD4-41A1-A566-FDC351682D4C}
	EndGlobalSection
	GlobalSection(ExtensibilityGlobals) = postSolution
		SolutionGuid = {5958A3DA-B01B-447E-AFF5-5B7EFC91E7C8}
	EndGlobalSection
EndGlobal
